
Microsoft Visual Studio Solution File, Format Version 12.00
# Visual Studio 15
VisualStudioVersion = 15.0.27130.2010
MinimumVisualStudioVersion = 10.0.40219.1
Project("{FAE04EC0-301F-11D3-BF4B-00C04F79EFBC}") = "Ex1", "Ex1\Ex1.csproj", "{0DBA4113-BFE7-43AA-A994-C60356F6CFD8}"
EndProject
Global
	GlobalSection(SolutionConfigurationPlatforms) = preSolution
		Debug|Any CPU = Debug|Any CPU
		Release|Any CPU = Release|Any CPU
	EndGlobalSection
	GlobalSection(ProjectConfigurationPlatforms) = postSolution
		{0DBA4113-BFE7-43AA-A994-C60356F6CFD8}.Debug|Any CPU.ActiveCfg = Debug|Any CPU
		{0DBA4113-BFE7-43AA-A994-C60356F6CFD8}.Debug|Any CPU.Build.0 = Debug|Any CPU
		{0DBA4113-BFE7-43AA-A994-C60356F6CFD8}.Release|Any CPU.ActiveCfg = Release|Any CPU
		{0DBA4113-BFE7-43AA-A994-C60356F6CFD8}.Release|Any CPU.Build.0 = Release|Any CPU
	EndGlobalSection
	GlobalSection(SolutionProperties) = preSolution
		HideSolutionNode = FALSE
	EndGlobalSection
	GlobalSection(ExtensibilityGlobals) = postSolution
		SolutionGuid = {6A257AED-8F7B-47EA-BE55-BBE2FCF705A1}
	EndGlobalSection
EndGlobal
